
Microsoft Visual Studio Solution File, Format Version 12.00
Project("{FAE04EC0-301F-11D3-BF4B-00C04F79EFBC}") = "SEUnp4ker", "SEUnp4ker\SEUnp4ker.csproj", "{588F1463-E642-4CFF-B8F2-DB04A530D87A}"
EndProject
Project("{2150E333-8FDC-42A3-9474-1A3956D46DE8}") = "Libs", "Libs", "{3F5FC93B-A732-489D-A042-37004C4A60B5}"
EndProject
Project("{2150E333-8FDC-42A3-9474-1A3956D46DE8}") = "Solution", "Solution", "{74404C5F-01B7-4AB4-AAF4-548C566A2BB1}"
	ProjectSection(SolutionItems) = preProject
		README.md = README.md
		LICENSE = LICENSE
		.gitignore = .gitignore
		.gitmodules = .gitmodules
	EndProjectSection
EndProject
Project("{FAE04EC0-301F-11D3-BF4B-00C04F79EFBC}") = "unlib", "unlib\unlib.csproj", "{C8046B84-4CE3-44FC-B554-73447F8E92DE}"
EndProject
Project("{FAE04EC0-301F-11D3-BF4B-00C04F79EFBC}") = "unp4ker", "unp4ker\unp4ker.csproj", "{58367F60-A799-4F26-93CB-553136CF60E6}"
EndProject
Project("{2150E333-8FDC-42A3-9474-1A3956D46DE8}") = "Modules", "Modules", "{5197197D-E912-4B12-BED7-431ECA151433}"
EndProject
Project("{FAE04EC0-301F-11D3-BF4B-00C04F79EFBC}") = "ICSharpCode.SharpZipLib", "Modules\SharpZipLib\src\ICSharpCode.SharpZipLib\ICSharpCode.SharpZipLib.csproj", "{DB037FED-5124-4410-BF58-93D35B49CDF5}"
EndProject
Project("{2150E333-8FDC-42A3-9474-1A3956D46DE8}") = "zstd", "zstd", "{7AC47B42-6FCD-4228-8BA3-EEED54EAA181}"
	ProjectSection(SolutionItems) = preProject
		zstd\build_linux_x64.sh = zstd\build_linux_x64.sh
		zstd\build_macos_arm64.sh = zstd\build_macos_arm64.sh
		zstd\setup_deps.sh = zstd\setup_deps.sh
		zstd\build_linux_arm64.sh = zstd\build_linux_arm64.sh
		zstd\build_windows_x64.cmd = zstd\build_windows_x64.cmd
		zstd\build_windows_arm64.cmd = zstd\build_windows_arm64.cmd
		zstd\setup_deps.cmd = zstd\setup_deps.cmd
	EndProjectSection
EndProject
Global
	GlobalSection(SolutionConfigurationPlatforms) = preSolution
		Debug|Any CPU = Debug|Any CPU
		Release|Any CPU = Release|Any CPU
	EndGlobalSection
	GlobalSection(ProjectConfigurationPlatforms) = postSolution
		{588F1463-E642-4CFF-B8F2-DB04A530D87A}.Debug|Any CPU.ActiveCfg = Debug|Any CPU
		{588F1463-E642-4CFF-B8F2-DB04A530D87A}.Debug|Any CPU.Build.0 = Debug|Any CPU
		{588F1463-E642-4CFF-B8F2-DB04A530D87A}.Release|Any CPU.ActiveCfg = Release|Any CPU
		{588F1463-E642-4CFF-B8F2-DB04A530D87A}.Release|Any CPU.Build.0 = Release|Any CPU
		{C8046B84-4CE3-44FC-B554-73447F8E92DE}.Debug|Any CPU.ActiveCfg = Debug|Any CPU
		{C8046B84-4CE3-44FC-B554-73447F8E92DE}.Debug|Any CPU.Build.0 = Debug|Any CPU
		{C8046B84-4CE3-44FC-B554-73447F8E92DE}.Release|Any CPU.ActiveCfg = Release|Any CPU
		{C8046B84-4CE3-44FC-B554-73447F8E92DE}.Release|Any CPU.Build.0 = Release|Any CPU
		{58367F60-A799-4F26-93CB-553136CF60E6}.Debug|Any CPU.ActiveCfg = Debug|Any CPU
		{58367F60-A799-4F26-93CB-553136CF60E6}.Debug|Any CPU.Build.0 = Debug|Any CPU
		{58367F60-A799-4F26-93CB-553136CF60E6}.Release|Any CPU.ActiveCfg = Release|Any CPU
		{58367F60-A799-4F26-93CB-553136CF60E6}.Release|Any CPU.Build.0 = Release|Any CPU
		{DB037FED-5124-4410-BF58-93D35B49CDF5}.Debug|Any CPU.ActiveCfg = Debug|Any CPU
		{DB037FED-5124-4410-BF58-93D35B49CDF5}.Debug|Any CPU.Build.0 = Debug|Any CPU
		{DB037FED-5124-4410-BF58-93D35B49CDF5}.Release|Any CPU.ActiveCfg = Release|Any CPU
		{DB037FED-5124-4410-BF58-93D35B49CDF5}.Release|Any CPU.Build.0 = Release|Any CPU
	EndGlobalSection
	GlobalSection(NestedProjects) = preSolution
		{C8046B84-4CE3-44FC-B554-73447F8E92DE} = {3F5FC93B-A732-489D-A042-37004C4A60B5}
		{58367F60-A799-4F26-93CB-553136CF60E6} = {3F5FC93B-A732-489D-A042-37004C4A60B5}
		{DB037FED-5124-4410-BF58-93D35B49CDF5} = {5197197D-E912-4B12-BED7-431ECA151433}
		{7AC47B42-6FCD-4228-8BA3-EEED54EAA181} = {74404C5F-01B7-4AB4-AAF4-548C566A2BB1}
	EndGlobalSection
EndGlobal
